
Microsoft Visual Studio Solution File, Format Version 12.00
# Visual Studio Version 17
VisualStudioVersion = 17.7.34221.43
MinimumVisualStudioVersion = 10.0.40219.1
Project("{FAE04EC0-301F-11D3-BF4B-00C04F79EFBC}") = "Labor05", "Labor05\Labor05.csproj", "{CC055929-E051-4C96-9DE1-39E55924ABDB}"
EndProject
Project("{FAE04EC0-301F-11D3-BF4B-00C04F79EFBC}") = "TestProject1", "TestProject1\TestProject1.csproj", "{C7C339DE-A675-4D86-9E63-3586FB3273A7}"
EndProject
Global
	GlobalSection(SolutionConfigurationPlatforms) = preSolution
		Debug|Any CPU = Debug|Any CPU
		Release|Any CPU = Release|Any CPU
	EndGlobalSection
	GlobalSection(ProjectConfigurationPlatforms) = postSolution
		{CC055929-E051-4C96-9DE1-39E55924ABDB}.Debug|Any CPU.ActiveCfg = Debug|Any CPU
		{CC055929-E051-4C96-9DE1-39E55924ABDB}.Debug|Any CPU.Build.0 = Debug|Any CPU
		{CC055929-E051-4C96-9DE1-39E55924ABDB}.Release|Any CPU.ActiveCfg = Release|Any CPU
		{CC055929-E051-4C96-9DE1-39E55924ABDB}.Release|Any CPU.Build.0 = Release|Any CPU
		{C7C339DE-A675-4D86-9E63-3586FB3273A7}.Debug|Any CPU.ActiveCfg = Debug|Any CPU
		{C7C339DE-A675-4D86-9E63-3586FB3273A7}.Debug|Any CPU.Build.0 = Debug|Any CPU
		{C7C339DE-A675-4D86-9E63-3586FB3273A7}.Release|Any CPU.ActiveCfg = Release|Any CPU
		{C7C339DE-A675-4D86-9E63-3586FB3273A7}.Release|Any CPU.Build.0 = Release|Any CPU
	EndGlobalSection
	GlobalSection(SolutionProperties) = preSolution
		HideSolutionNode = FALSE
	EndGlobalSection
	GlobalSection(ExtensibilityGlobals) = postSolution
		SolutionGuid = {68BD7133-BD9D-481A-8F93-D8DF9C8A98ED}
	EndGlobalSection
EndGlobal
